// !$*UTF8*$!
{
	archiveVersion = 1;
	classes = {
	};
	objectVersion = 55;
	objects = {

/* Begin PBXBuildFile section */
		616F31582724B18100C988D7 /* AppDelegate.swift in Sources */ = {isa = PBXBuildFile; fileRef = 616F31572724B18100C988D7 /* AppDelegate.swift */; };
		616F315A2724B18100C988D7 /* SceneDelegate.swift in Sources */ = {isa = PBXBuildFile; fileRef = 616F31592724B18100C988D7 /* SceneDelegate.swift */; };
		616F315C2724B18100C988D7 /* ViewController.swift in Sources */ = {isa = PBXBuildFile; fileRef = 616F315B2724B18100C988D7 /* ViewController.swift */; };
		616F315F2724B18100C988D7 /* Main.storyboard in Resources */ = {isa = PBXBuildFile; fileRef = 616F315D2724B18100C988D7 /* Main.storyboard */; };
		616F31612724B18300C988D7 /* Assets.xcassets in Resources */ = {isa = PBXBuildFile; fileRef = 616F31602724B18300C988D7 /* Assets.xcassets */; };
		616F31642724B18300C988D7 /* LaunchScreen.storyboard in Resources */ = {isa = PBXBuildFile; fileRef = 616F31622724B18300C988D7 /* LaunchScreen.storyboard */; };
		616F316F2724B18400C988D7 /* WeatherProjectTests.swift in Sources */ = {isa = PBXBuildFile; fileRef = 616F316E2724B18400C988D7 /* WeatherProjectTests.swift */; };
		616F31792724B18400C988D7 /* WeatherProjectUITests.swift in Sources */ = {isa = PBXBuildFile; fileRef = 616F31782724B18400C988D7 /* WeatherProjectUITests.swift */; };
		616F317B2724B18400C988D7 /* WeatherProjectUITestsLaunchTests.swift in Sources */ = {isa = PBXBuildFile; fileRef = 616F317A2724B18400C988D7 /* WeatherProjectUITestsLaunchTests.swift */; };
		616F31952724E38600C988D7 /* WeatherTableViewCell.swift in Sources */ = {isa = PBXBuildFile; fileRef = 616F31932724E38600C988D7 /* WeatherTableViewCell.swift */; };
		616F31962724E38600C988D7 /* WeatherTableViewCell.xib in Resources */ = {isa = PBXBuildFile; fileRef = 616F31942724E38600C988D7 /* WeatherTableViewCell.xib */; };
		616F31992724E39F00C988D7 /* HourlyTableViewCell.swift in Sources */ = {isa = PBXBuildFile; fileRef = 616F31972724E39F00C988D7 /* HourlyTableViewCell.swift */; };
		616F319A2724E39F00C988D7 /* HourlyTableViewCell.xib in Resources */ = {isa = PBXBuildFile; fileRef = 616F31982724E39F00C988D7 /* HourlyTableViewCell.xib */; };
/* End PBXBuildFile section */

/* Begin PBXContainerItemProxy section */
		616F316B2724B18400C988D7 /* PBXContainerItemProxy */ = {
			isa = PBXContainerItemProxy;
			containerPortal = 616F314C2724B18100C988D7 /* Project object */;
			proxyType = 1;
			remoteGlobalIDString = 616F31532724B18100C988D7;
			remoteInfo = WeatherProject;
		};
		616F31752724B18400C988D7 /* PBXContainerItemProxy */ = {
			isa = PBXContainerItemProxy;
			containerPortal = 616F314C2724B18100C988D7 /* Project object */;
			proxyType = 1;
			remoteGlobalIDString = 616F31532724B18100C988D7;
			remoteInfo = WeatherProject;
		};
/* End PBXContainerItemProxy section */

/* Begin PBXFileReference section */
		616F31542724B18100C988D7 /* WeatherProject.app */ = {isa = PBXFileReference; explicitFileType = wrapper.application; includeInIndex = 0; path = WeatherProject.app; sourceTree = BUILT_PRODUCTS_DIR; };
		616F31572724B18100C988D7 /* AppDelegate.swift */ = {isa = PBXFileReference; lastKnownFileType = sourcecode.swift; path = AppDelegate.swift; sourceTree = "<group>"; };
		616F31592724B18100C988D7 /* SceneDelegate.swift */ = {isa = PBXFileReference; lastKnownFileType = sourcecode.swift; path = SceneDelegate.swift; sourceTree = "<group>"; };
		616F315B2724B18100C988D7 /* ViewController.swift */ = {isa = PBXFileReference; lastKnownFileType = sourcecode.swift; path = ViewController.swift; sourceTree = "<group>"; };
		616F315E2724B18100C988D7 /* Base */ = {isa = PBXFileReference; lastKnownFileType = file.storyboard; name = Base; path = Base.lproj/Main.storyboard; sourceTree = "<group>"; };
		616F31602724B18300C988D7 /* Assets.xcassets */ = {isa = PBXFileReference; lastKnownFileType = folder.assetcatalog; path = Assets.xcassets; sourceTree = "<group>"; };
		616F31632724B18300C988D7 /* Base */ = {isa = PBXFileReference; lastKnownFileType = file.storyboard; name = Base; path = Base.lproj/LaunchScreen.storyboard; sourceTree = "<group>"; };
		616F31652724B18300C988D7 /* Info.plist */ = {isa = PBXFileReference; lastKnownFileType = text.plist.xml; path = Info.plist; sourceTree = "<group>"; };
		616F316A2724B18400C988D7 /* WeatherProjectTests.xctest */ = {isa = PBXFileReference; explicitFileType = wrapper.cfbundle; includeInIndex = 0; path = WeatherProjectTests.xctest; sourceTree = BUILT_PRODUCTS_DIR; };
		616F316E2724B18400C988D7 /* WeatherProjectTests.swift */ = {isa = PBXFileReference; lastKnownFileType = sourcecode.swift; path = WeatherProjectTests.swift; sourceTree = "<group>"; };
		616F31742724B18400C988D7 /* WeatherProjectUITests.xctest */ = {isa = PBXFileReference; explicitFileType = wrapper.cfbundle; includeInIndex = 0; path = WeatherProjectUITests.xctest; sourceTree = BUILT_PRODUCTS_DIR; };
		616F31782724B18400C988D7 /* WeatherProjectUITests.swift */ = {isa = PBXFileReference; lastKnownFileType = sourcecode.swift; path = WeatherProjectUITests.swift; sourceTree = "<group>"; };
		616F317A2724B18400C988D7 /* WeatherProjectUITestsLaunchTests.swift */ = {isa = PBXFileReference; lastKnownFileType = sourcecode.swift; path = WeatherProjectUITestsLaunchTests.swift; sourceTree = "<group>"; };
		616F31932724E38600C988D7 /* WeatherTableViewCell.swift */ = {isa = PBXFileReference; lastKnownFileType = sourcecode.swift; path = WeatherTableViewCell.swift; sourceTree = "<group>"; };
		616F31942724E38600C988D7 /* WeatherTableViewCell.xib */ = {isa = PBXFileReference; lastKnownFileType = file.xib; path = WeatherTableViewCell.xib; sourceTree = "<group>"; };
		616F31972724E39F00C988D7 /* HourlyTableViewCell.swift */ = {isa = PBXFileReference; lastKnownFileType = sourcecode.swift; path = HourlyTableViewCell.swift; sourceTree = "<group>"; };
		616F31982724E39F00C988D7 /* HourlyTableViewCell.xib */ = {isa = PBXFileReference; lastKnownFileType = file.xib; path = HourlyTableViewCell.xib; sourceTree = "<group>"; };
/* End PBXFileReference section */

/* Begin PBXFrameworksBuildPhase section */
		616F31512724B18100C988D7 /* Frameworks */ = {
			isa = PBXFrameworksBuildPhase;
			buildActionMask = 2147483647;
			files = (
			);
			runOnlyForDeploymentPostprocessing = 0;
		};
		616F31672724B18400C988D7 /* Frameworks */ = {
			isa = PBXFrameworksBuildPhase;
			buildActionMask = 2147483647;
			files = (
			);
			runOnlyForDeploymentPostprocessing = 0;
		};
		616F31712724B18400C988D7 /* Frameworks */ = {
			isa = PBXFrameworksBuildPhase;
			buildActionMask = 2147483647;
			files = (
			);
			runOnlyForDeploymentPostprocessing = 0;
		};
/* End PBXFrameworksBuildPhase section */

/* Begin PBXGroup section */
		616F314B2724B18100C988D7 = {
			isa = PBXGroup;
			children = (
				616F31562724B18100C988D7 /* WeatherProject */,
				616F316D2724B18400C988D7 /* WeatherProjectTests */,
				616F31772724B18400C988D7 /* WeatherProjectUITests */,
				616F31552724B18100C988D7 /* Products */,
			);
			sourceTree = "<group>";
		};
		616F31552724B18100C988D7 /* Products */ = {
			isa = PBXGroup;
			children = (
				616F31542724B18100C988D7 /* WeatherProject.app */,
				616F316A2724B18400C988D7 /* WeatherProjectTests.xctest */,
				616F31742724B18400C988D7 /* WeatherProjectUITests.xctest */,
			);
			name = Products;
			sourceTree = "<group>";
		};
		616F31562724B18100C988D7 /* WeatherProject */ = {
			isa = PBXGroup;
			children = (
				616F31922724E36100C988D7 /* WeatherCell */,
				616F31912724E35600C988D7 /* HourlyCollectionCell */,
				616F31572724B18100C988D7 /* AppDelegate.swift */,
				616F31592724B18100C988D7 /* SceneDelegate.swift */,
				616F315B2724B18100C988D7 /* ViewController.swift */,
				616F315D2724B18100C988D7 /* Main.storyboard */,
				616F31602724B18300C988D7 /* Assets.xcassets */,
				616F31622724B18300C988D7 /* LaunchScreen.storyboard */,
				616F31652724B18300C988D7 /* Info.plist */,
			);
			path = WeatherProject;
			sourceTree = "<group>";
		};
		616F316D2724B18400C988D7 /* WeatherProjectTests */ = {
			isa = PBXGroup;
			children = (
				616F316E2724B18400C988D7 /* WeatherProjectTests.swift */,
			);
			path = WeatherProjectTests;
			sourceTree = "<group>";
		};
		616F31772724B18400C988D7 /* WeatherProjectUITests */ = {
			isa = PBXGroup;
			children = (
				616F31782724B18400C988D7 /* WeatherProjectUITests.swift */,
				616F317A2724B18400C988D7 /* WeatherProjectUITestsLaunchTests.swift */,
			);
			path = WeatherProjectUITests;
			sourceTree = "<group>";
		};
		616F31912724E35600C988D7 /* HourlyCollectionCell */ = {
			isa = PBXGroup;
			children = (
				616F31972724E39F00C988D7 /* HourlyTableViewCell.swift */,
				616F31982724E39F00C988D7 /* HourlyTableViewCell.xib */,
			);
			path = HourlyCollectionCell;
			sourceTree = "<group>";
		};
		616F31922724E36100C988D7 /* WeatherCell */ = {
			isa = PBXGroup;
			children = (
				616F31932724E38600C988D7 /* WeatherTableViewCell.swift */,
				616F31942724E38600C988D7 /* WeatherTableViewCell.xib */,
			);
			path = WeatherCell;
			sourceTree = "<group>";
		};
/* End PBXGroup section */

/* Begin PBXNativeTarget section */
		616F31532724B18100C988D7 /* WeatherProject */ = {
			isa = PBXNativeTarget;
			buildConfigurationList = 616F317E2724B18400C988D7 /* Build configuration list for PBXNativeTarget "WeatherProject" */;
			buildPhases = (
				616F31502724B18100C988D7 /* Sources */,
				616F31512724B18100C988D7 /* Frameworks */,
				616F31522724B18100C988D7 /* Resources */,
			);
			buildRules = (
			);
			dependencies = (
			);
			name = WeatherProject;
			productName = WeatherProject;
			productReference = 616F31542724B18100C988D7 /* WeatherProject.app */;
			productType = "com.apple.product-type.application";
		};
		616F31692724B18400C988D7 /* WeatherProjectTests */ = {
			isa = PBXNativeTarget;
			buildConfigurationList = 616F31812724B18400C988D7 /* Build configuration list for PBXNativeTarget "WeatherProjectTests" */;
			buildPhases = (
				616F31662724B18400C988D7 /* Sources */,
				616F31672724B18400C988D7 /* Frameworks */,
				616F31682724B18400C988D7 /* Resources */,
			);
			buildRules = (
			);
			dependencies = (
				616F316C2724B18400C988D7 /* PBXTargetDependency */,
			);
			name = WeatherProjectTests;
			productName = WeatherProjectTests;
			productReference = 616F316A2724B18400C988D7 /* WeatherProjectTests.xctest */;
			productType = "com.apple.product-type.bundle.unit-test";
		};
		616F31732724B18400C988D7 /* WeatherProjectUITests */ = {
			isa = PBXNativeTarget;
			buildConfigurationList = 616F31842724B18400C988D7 /* Build configuration list for PBXNativeTarget "WeatherProjectUITests" */;
			buildPhases = (
				616F31702724B18400C988D7 /* Sources */,
				616F31712724B18400C988D7 /* Frameworks */,
				616F31722724B18400C988D7 /* Resources */,
			);
			buildRules = (
			);
			dependencies = (
				616F31762724B18400C988D7 /* PBXTargetDependency */,
			);
			name = WeatherProjectUITests;
			productName = WeatherProjectUITests;
			productReference = 616F31742724B18400C988D7 /* WeatherProjectUITests.xctest */;
			productType = "com.apple.product-type.bundle.ui-testing";
		};
/* End PBXNativeTarget section */

/* Begin PBXProject section */
		616F314C2724B18100C988D7 /* Project object */ = {
			isa = PBXProject;
			attributes = {
				BuildIndependentTargetsInParallel = 1;
				LastSwiftUpdateCheck = 1300;
				LastUpgradeCheck = 1300;
				TargetAttributes = {
					616F31532724B18100C988D7 = {
						CreatedOnToolsVersion = 13.0;
					};
					616F31692724B18400C988D7 = {
						CreatedOnToolsVersion = 13.0;
						TestTargetID = 616F31532724B18100C988D7;
					};
					616F31732724B18400C988D7 = {
						CreatedOnToolsVersion = 13.0;
						TestTargetID = 616F31532724B18100C988D7;
					};
				};
			};
			buildConfigurationList = 616F314F2724B18100C988D7 /* Build configuration list for PBXProject "WeatherProject" */;
			compatibilityVersion = "Xcode 13.0";
			developmentRegion = en;
			hasScannedForEncodings = 0;
			knownRegions = (
				en,
				Base,
			);
			mainGroup = 616F314B2724B18100C988D7;
			productRefGroup = 616F31552724B18100C988D7 /* Products */;
			projectDirPath = "";
			projectRoot = "";
			targets = (
				616F31532724B18100C988D7 /* WeatherProject */,
				616F31692724B18400C988D7 /* WeatherProjectTests */,
				616F31732724B18400C988D7 /* WeatherProjectUITests */,
			);
		};
/* End PBXProject section */

/* Begin PBXResourcesBuildPhase section */
		616F31522724B18100C988D7 /* Resources */ = {
			isa = PBXResourcesBuildPhase;
			buildActionMask = 2147483647;
			files = (
				616F31962724E38600C988D7 /* WeatherTableViewCell.xib in Resources */,
				616F319A2724E39F00C988D7 /* HourlyTableViewCell.xib in Resources */,
				616F31642724B18300C988D7 /* LaunchScreen.storyboard in Resources */,
				616F31612724B18300C988D7 /* Assets.xcassets in Resources */,
				616F315F2724B18100C988D7 /* Main.storyboard in Resources */,
			);
			runOnlyForDeploymentPostprocessing = 0;
		};
		616F31682724B18400C988D7 /* Resources */ = {
			isa = PBXResourcesBuildPhase;
			buildActionMask = 2147483647;
			files = (
			);
			runOnlyForDeploymentPostprocessing = 0;
		};
		616F31722724B18400C988D7 /* Resources */ = {
			isa = PBXResourcesBuildPhase;
			buildActionMask = 2147483647;
			files = (
			);
			runOnlyForDeploymentPostprocessing = 0;
		};
/* End PBXResourcesBuildPhase section */

/* Begin PBXSourcesBuildPhase section */
		616F31502724B18100C988D7 /* Sources */ = {
			isa = PBXSourcesBuildPhase;
			buildActionMask = 2147483647;
			files = (
				616F31952724E38600C988D7 /* WeatherTableViewCell.swift in Sources */,
				616F315C2724B18100C988D7 /* ViewController.swift in Sources */,
				616F31992724E39F00C988D7 /* HourlyTableViewCell.swift in Sources */,
				616F31582724B18100C988D7 /* AppDelegate.swift in Sources */,
				616F315A2724B18100C988D7 /* SceneDelegate.swift in Sources */,
			);
			runOnlyForDeploymentPostprocessing = 0;
		};
		616F31662724B18400C988D7 /* Sources */ = {
			isa = PBXSourcesBuildPhase;
			buildActionMask = 2147483647;
			files = (
				616F316F2724B18400C988D7 /* WeatherProjectTests.swift in Sources */,
			);
			runOnlyForDeploymentPostprocessing = 0;
		};
		616F31702724B18400C988D7 /* Sources */ = {
			isa = PBXSourcesBuildPhase;
			buildActionMask = 2147483647;
			files = (
				616F31792724B18400C988D7 /* WeatherProjectUITests.swift in Sources */,
				616F317B2724B18400C988D7 /* WeatherProjectUITestsLaunchTests.swift in Sources */,
			);
			runOnlyForDeploymentPostprocessing = 0;
		};
/* End PBXSourcesBuildPhase section */

/* Begin PBXTargetDependency section */
		616F316C2724B18400C988D7 /* PBXTargetDependency */ = {
			isa = PBXTargetDependency;
			target = 616F31532724B18100C988D7 /* WeatherProject */;
			targetProxy = 616F316B2724B18400C988D7 /* PBXContainerItemProxy */;
		};
		616F31762724B18400C988D7 /* PBXTargetDependency */ = {
			isa = PBXTargetDependency;
			target = 616F31532724B18100C988D7 /* WeatherProject */;
			targetProxy = 616F31752724B18400C988D7 /* PBXContainerItemProxy */;
		};
/* End PBXTargetDependency section */

/* Begin PBXVariantGroup section */
		616F315D2724B18100C988D7 /* Main.storyboard */ = {
			isa = PBXVariantGroup;
			children = (
				616F315E2724B18100C988D7 /* Base */,
			);
			name = Main.storyboard;
			sourceTree = "<group>";
		};
		616F31622724B18300C988D7 /* LaunchScreen.storyboard */ = {
			isa = PBXVariantGroup;
			children = (
				616F31632724B18300C988D7 /* Base */,
			);
			name = LaunchScreen.storyboard;
			sourceTree = "<group>";
		};
/* End PBXVariantGroup section */

/* Begin XCBuildConfiguration section */
		616F317C2724B18400C988D7 /* Debug */ = {
			isa = XCBuildConfiguration;
			buildSettings = {
				ALWAYS_SEARCH_USER_PATHS = NO;
				CLANG_ANALYZER_NONNULL = YES;
				CLANG_ANALYZER_NUMBER_OBJECT_CONVERSION = YES_AGGRESSIVE;
				CLANG_CXX_LANGUAGE_STANDARD = "gnu++17";
				CLANG_CXX_LIBRARY = "libc++";
				CLANG_ENABLE_MODULES = YES;
				CLANG_ENABLE_OBJC_ARC = YES;
				CLANG_ENABLE_OBJC_WEAK = YES;
				CLANG_WARN_BLOCK_CAPTURE_AUTORELEASING = YES;
				CLANG_WARN_BOOL_CONVERSION = YES;
				CLANG_WARN_COMMA = YES;
				CLANG_WARN_CONSTANT_CONVERSION = YES;
				CLANG_WARN_DEPRECATED_OBJC_IMPLEMENTATIONS = YES;
				CLANG_WARN_DIRECT_OBJC_ISA_USAGE = YES_ERROR;
				CLANG_WARN_DOCUMENTATION_COMMENTS = YES;
				CLANG_WARN_EMPTY_BODY = YES;
				CLANG_WARN_ENUM_CONVERSION = YES;
				CLANG_WARN_INFINITE_RECURSION = YES;
				CLANG_WARN_INT_CONVERSION = YES;
				CLANG_WARN_NON_LITERAL_NULL_CONVERSION = YES;
				CLANG_WARN_OBJC_IMPLICIT_RETAIN_SELF = YES;
				CLANG_WARN_OBJC_LITERAL_CONVERSION = YES;
				CLANG_WARN_OBJC_ROOT_CLASS = YES_ERROR;
				CLANG_WARN_QUOTED_INCLUDE_IN_FRAMEWORK_HEADER = YES;
				CLANG_WARN_RANGE_LOOP_ANALYSIS = YES;
				CLANG_WARN_STRICT_PROTOTYPES = YES;
				CLANG_WARN_SUSPICIOUS_MOVE = YES;
				CLANG_WARN_UNGUARDED_AVAILABILITY = YES_AGGRESSIVE;
				CLANG_WARN_UNREACHABLE_CODE = YES;
				CLANG_WARN__DUPLICATE_METHOD_MATCH = YES;
				COPY_PHASE_STRIP = NO;
				DEBUG_INFORMATION_FORMAT = dwarf;
				ENABLE_STRICT_OBJC_MSGSEND = YES;
				ENABLE_TESTABILITY = YES;
				GCC_C_LANGUAGE_STANDARD = gnu11;
				GCC_DYNAMIC_NO_PIC = NO;
				GCC_NO_COMMON_BLOCKS = YES;
				GCC_OPTIMIZATION_LEVEL = 0;
				GCC_PREPROCESSOR_DEFINITIONS = (
					"DEBUG=1",
					"$(inherited)",
				);
				GCC_WARN_64_TO_32_BIT_CONVERSION = YES;
				GCC_WARN_ABOUT_RETURN_TYPE = YES_ERROR;
				GCC_WARN_UNDECLARED_SELECTOR = YES;
				GCC_WARN_UNINITIALIZED_AUTOS = YES_AGGRESSIVE;
				GCC_WARN_UNUSED_FUNCTION = YES;
				GCC_WARN_UNUSED_VARIABLE = YES;
				IPHONEOS_DEPLOYMENT_TARGET = 15.0;
				MTL_ENABLE_DEBUG_INFO = INCLUDE_SOURCE;
				MTL_FAST_MATH = YES;
				ONLY_ACTIVE_ARCH = YES;
				SDKROOT = iphoneos;
				SWIFT_ACTIVE_COMPILATION_CONDITIONS = DEBUG;
				SWIFT_OPTIMIZATION_LEVEL = "-Onone";
			};
			name = Debug;
		};
		616F317D2724B18400C988D7 /* Release */ = {
			isa = XCBuildConfiguration;
			buildSettings = {
				ALWAYS_SEARCH_USER_PATHS = NO;
				CLANG_ANALYZER_NONNULL = YES;
				CLANG_ANALYZER_NUMBER_OBJECT_CONVERSION = YES_AGGRESSIVE;
				CLANG_CXX_LANGUAGE_STANDARD = "gnu++17";
				CLANG_CXX_LIBRARY = "libc++";
				CLANG_ENABLE_MODULES = YES;
				CLANG_ENABLE_OBJC_ARC = YES;
				CLANG_ENABLE_OBJC_WEAK = YES;
				CLANG_WARN_BLOCK_CAPTURE_AUTORELEASING = YES;
				CLANG_WARN_BOOL_CONVERSION = YES;
				CLANG_WARN_COMMA = YES;
				CLANG_WARN_CONSTANT_CONVERSION = YES;
				CLANG_WARN_DEPRECATED_OBJC_IMPLEMENTATIONS = YES;
				CLANG_WARN_DIRECT_OBJC_ISA_USAGE = YES_ERROR;
				CLANG_WARN_DOCUMENTATION_COMMENTS = YES;
				CLANG_WARN_EMPTY_BODY = YES;
				CLANG_WARN_ENUM_CONVERSION = YES;
				CLANG_WARN_INFINITE_RECURSION = YES;
				CLANG_WARN_INT_CONVERSION = YES;
				CLANG_WARN_NON_LITERAL_NULL_CONVERSION = YES;
				CLANG_WARN_OBJC_IMPLICIT_RETAIN_SELF = YES;
				CLANG_WARN_OBJC_LITERAL_CONVERSION = YES;
				CLANG_WARN_OBJC_ROOT_CLASS = YES_ERROR;
				CLANG_WARN_QUOTED_INCLUDE_IN_FRAMEWORK_HEADER = YES;
				CLANG_WARN_RANGE_LOOP_ANALYSIS = YES;
				CLANG_WARN_STRICT_PROTOTYPES = YES;
				CLANG_WARN_SUSPICIOUS_MOVE = YES;
				CLANG_WARN_UNGUARDED_AVAILABILITY = YES_AGGRESSIVE;
				CLANG_WARN_UNREACHABLE_CODE = YES;
				CLANG_WARN__DUPLICATE_METHOD_MATCH = YES;
				COPY_PHASE_STRIP = NO;
				DEBUG_INFORMATION_FORMAT = "dwarf-with-dsym";
				ENABLE_NS_ASSERTIONS = NO;
				ENABLE_STRICT_OBJC_MSGSEND = YES;
				GCC_C_LANGUAGE_STANDARD = gnu11;
				GCC_NO_COMMON_BLOCKS = YES;
				GCC_WARN_64_TO_32_BIT_CONVERSION = YES;
				GCC_WARN_ABOUT_RETURN_TYPE = YES_ERROR;
				GCC_WARN_UNDECLARED_SELECTOR = YES;
				GCC_WARN_UNINITIALIZED_AUTOS = YES_AGGRESSIVE;
				GCC_WARN_UNUSED_FUNCTION = YES;
				GCC_WARN_UNUSED_VARIABLE = YES;
				IPHONEOS_DEPLOYMENT_TARGET = 15.0;
				MTL_ENABLE_DEBUG_INFO = NO;
				MTL_FAST_MATH = YES;
				SDKROOT = iphoneos;
				SWIFT_COMPILATION_MODE = wholemodule;
				SWIFT_OPTIMIZATION_LEVEL = "-O";
				VALIDATE_PRODUCT = YES;
			};
			name = Release;
		};
		616F317F2724B18400C988D7 /* Debug */ = {
			isa = XCBuildConfiguration;
			buildSettings = {
				ASSETCATALOG_COMPILER_APPICON_NAME = AppIcon;
				ASSETCATALOG_COMPILER_GLOBAL_ACCENT_COLOR_NAME = AccentColor;
				CODE_SIGN_STYLE = Automatic;
				CURRENT_PROJECT_VERSION = 1;
				DEVELOPMENT_TEAM = UAZ5ZXD68Q;
				GENERATE_INFOPLIST_FILE = YES;
				INFOPLIST_FILE = WeatherProject/Info.plist;
				INFOPLIST_KEY_UIApplicationSupportsIndirectInputEvents = YES;
				INFOPLIST_KEY_UILaunchStoryboardName = LaunchScreen;
				INFOPLIST_KEY_UIMainStoryboardFile = Main;
				INFOPLIST_KEY_UISupportedInterfaceOrientations_iPad = "UIInterfaceOrientationPortrait UIInterfaceOrientationPortraitUpsideDown UIInterfaceOrientationLandscapeLeft UIInterfaceOrientationLandscapeRight";
				INFOPLIST_KEY_UISupportedInterfaceOrientations_iPhone = "UIInterfaceOrientationPortrait UIInterfaceOrientationLandscapeLeft UIInterfaceOrientationLandscapeRight";
				LD_RUNPATH_SEARCH_PATHS = (
					"$(inherited)",
					"@executable_path/Frameworks",
				);
				MARKETING_VERSION = 1.0;
				PRODUCT_BUNDLE_IDENTIFIER = com.deluxeviper.WeatherProject;
				PRODUCT_NAME = "$(TARGET_NAME)";
				SWIFT_EMIT_LOC_STRINGS = YES;
				SWIFT_VERSION = 5.0;
				TARGETED_DEVICE_FAMILY = "1,2";
			};
			name = Debug;
		};
		616F31802724B18400C988D7 /* Release */ = {
			isa = XCBuildConfiguration;
			buildSettings = {
				ASSETCATALOG_COMPILER_APPICON_NAME = AppIcon;
				ASSETCATALOG_COMPILER_GLOBAL_ACCENT_COLOR_NAME = AccentColor;
				CODE_SIGN_STYLE = Automatic;
				CURRENT_PROJECT_VERSION = 1;
				DEVELOPMENT_TEAM = UAZ5ZXD68Q;
				GENERATE_INFOPLIST_FILE = YES;
				INFOPLIST_FILE = WeatherProject/Info.plist;
				INFOPLIST_KEY_UIApplicationSupportsIndirectInputEvents = YES;
				INFOPLIST_KEY_UILaunchStoryboardName = LaunchScreen;
				INFOPLIST_KEY_UIMainStoryboardFile = Main;
				INFOPLIST_KEY_UISupportedInterfaceOrientations_iPad = "UIInterfaceOrientationPortrait UIInterfaceOrientationPortraitUpsideDown UIInterfaceOrientationLandscapeLeft UIInterfaceOrientationLandscapeRight";
				INFOPLIST_KEY_UISupportedInterfaceOrientations_iPhone = "UIInterfaceOrientationPortrait UIInterfaceOrientationLandscapeLeft UIInterfaceOrientationLandscapeRight";
				LD_RUNPATH_SEARCH_PATHS = (
					"$(inherited)",
					"@executable_path/Frameworks",
				);
				MARKETING_VERSION = 1.0;
				PRODUCT_BUNDLE_IDENTIFIER = com.deluxeviper.WeatherProject;
				PRODUCT_NAME = "$(TARGET_NAME)";
				SWIFT_EMIT_LOC_STRINGS = YES;
				SWIFT_VERSION = 5.0;
				TARGETED_DEVICE_FAMILY = "1,2";
			};
			name = Release;
		};
		616F31822724B18400C988D7 /* Debug */ = {
			isa = XCBuildConfiguration;
			buildSettings = {
				ALWAYS_EMBED_SWIFT_STANDARD_LIBRARIES = YES;
				BUNDLE_LOADER = "$(TEST_HOST)";
				CODE_SIGN_STYLE = Automatic;
				CURRENT_PROJECT_VERSION = 1;
				DEVELOPMENT_TEAM = UAZ5ZXD68Q;
				GENERATE_INFOPLIST_FILE = YES;
				IPHONEOS_DEPLOYMENT_TARGET = 15.0;
				LD_RUNPATH_SEARCH_PATHS = (
					"$(inherited)",
					"@executable_path/Frameworks",
					"@loader_path/Frameworks",
				);
				MARKETING_VERSION = 1.0;
				PRODUCT_BUNDLE_IDENTIFIER = com.deluxeviper.WeatherProjectTests;
				PRODUCT_NAME = "$(TARGET_NAME)";
				SWIFT_EMIT_LOC_STRINGS = NO;
				SWIFT_VERSION = 5.0;
				TARGETED_DEVICE_FAMILY = "1,2";
				TEST_HOST = "$(BUILT_PRODUCTS_DIR)/WeatherProject.app/WeatherProject";
			};
			name = Debug;
		};
		616F31832724B18400C988D7 /* Release */ = {
			isa = XCBuildConfiguration;
			buildSettings = {
				ALWAYS_EMBED_SWIFT_STANDARD_LIBRARIES = YES;
				BUNDLE_LOADER = "$(TEST_HOST)";
				CODE_SIGN_STYLE = Automatic;
				CURRENT_PROJECT_VERSION = 1;
				DEVELOPMENT_TEAM = UAZ5ZXD68Q;
				GENERATE_INFOPLIST_FILE = YES;
				IPHONEOS_DEPLOYMENT_TARGET = 15.0;
				LD_RUNPATH_SEARCH_PATHS = (
					"$(inherited)",
					"@executable_path/Frameworks",
					"@loader_path/Frameworks",
				);
				MARKETING_VERSION = 1.0;
				PRODUCT_BUNDLE_IDENTIFIER = com.deluxeviper.WeatherProjectTests;
				PRODUCT_NAME = "$(TARGET_NAME)";
				SWIFT_EMIT_LOC_STRINGS = NO;
				SWIFT_VERSION = 5.0;
				TARGETED_DEVICE_FAMILY = "1,2";
				TEST_HOST = "$(BUILT_PRODUCTS_DIR)/WeatherProject.app/WeatherProject";
			};
			name = Release;
		};
		616F31852724B18400C988D7 /* Debug */ = {
			isa = XCBuildConfiguration;
			buildSettings = {
				ALWAYS_EMBED_SWIFT_STANDARD_LIBRARIES = YES;
				CODE_SIGN_STYLE = Automatic;
				CURRENT_PROJECT_VERSION = 1;
				DEVELOPMENT_TEAM = UAZ5ZXD68Q;
				GENERATE_INFOPLIST_FILE = YES;
				LD_RUNPATH_SEARCH_PATHS = (
					"$(inherited)",
					"@executable_path/Frameworks",
					"@loader_path/Frameworks",
				);
				MARKETING_VERSION = 1.0;
				PRODUCT_BUNDLE_IDENTIFIER = com.deluxeviper.WeatherProjectUITests;
				PRODUCT_NAME = "$(TARGET_NAME)";
				SWIFT_EMIT_LOC_STRINGS = NO;
				SWIFT_VERSION = 5.0;
				TARGETED_DEVICE_FAMILY = "1,2";
				TEST_TARGET_NAME = WeatherProject;
			};
			name = Debug;
		};
		616F31862724B18400C988D7 /* Release */ = {
			isa = XCBuildConfiguration;
			buildSettings = {
				ALWAYS_EMBED_SWIFT_STANDARD_LIBRARIES = YES;
				CODE_SIGN_STYLE = Automatic;
				CURRENT_PROJECT_VERSION = 1;
				DEVELOPMENT_TEAM = UAZ5ZXD68Q;
				GENERATE_INFOPLIST_FILE = YES;
				LD_RUNPATH_SEARCH_PATHS = (
					"$(inherited)",
					"@executable_path/Frameworks",
					"@loader_path/Frameworks",
				);
				MARKETING_VERSION = 1.0;
				PRODUCT_BUNDLE_IDENTIFIER = com.deluxeviper.WeatherProjectUITests;
				PRODUCT_NAME = "$(TARGET_NAME)";
				SWIFT_EMIT_LOC_STRINGS = NO;
				SWIFT_VERSION = 5.0;
				TARGETED_DEVICE_FAMILY = "1,2";
				TEST_TARGET_NAME = WeatherProject;
			};
			name = Release;
		};
/* End XCBuildConfiguration section */

/* Begin XCConfigurationList section */
		616F314F2724B18100C988D7 /* Build configuration list for PBXProject "WeatherProject" */ = {
			isa = XCConfigurationList;
			buildConfigurations = (
				616F317C2724B18400C988D7 /* Debug */,
				616F317D2724B18400C988D7 /* Release */,
			);
			defaultConfigurationIsVisible = 0;
			defaultConfigurationName = Release;
		};
		616F317E2724B18400C988D7 /* Build configuration list for PBXNativeTarget "WeatherProject" */ = {
			isa = XCConfigurationList;
			buildConfigurations = (
				616F317F2724B18400C988D7 /* Debug */,
				616F31802724B18400C988D7 /* Release */,
			);
			defaultConfigurationIsVisible = 0;
			defaultConfigurationName = Release;
		};
		616F31812724B18400C988D7 /* Build configuration list for PBXNativeTarget "WeatherProjectTests" */ = {
			isa = XCConfigurationList;
			buildConfigurations = (
				616F31822724B18400C988D7 /* Debug */,
				616F31832724B18400C988D7 /* Release */,
			);
			defaultConfigurationIsVisible = 0;
			defaultConfigurationName = Release;
		};
		616F31842724B18400C988D7 /* Build configuration list for PBXNativeTarget "WeatherProjectUITests" */ = {
			isa = XCConfigurationList;
			buildConfigurations = (
				616F31852724B18400C988D7 /* Debug */,
				616F31862724B18400C988D7 /* Release */,
			);
			defaultConfigurationIsVisible = 0;
			defaultConfigurationName = Release;
		};
/* End XCConfigurationList section */
	};
	rootObject = 616F314C2724B18100C988D7 /* Project object */;
}
